
Microsoft Visual Studio Solution File, Format Version 12.00
# Visual Studio Version 17
VisualStudioVersion = 17.3.32811.315
MinimumVisualStudioVersion = 10.0.40219.1
Project("{9A19103F-16F7-4668-BE54-9A1E7A4F7556}") = "BusinessRules", "BusinessRules\BusinessRules.csproj", "{F5A400FC-4219-445C-B6FD-E686D61CDE9C}"
EndProject
Project("{9A19103F-16F7-4668-BE54-9A1E7A4F7556}") = "FrontServer", "Infrastructure\Elements\FrontServer\FrontServer.csproj", "{05A4E8F8-D4C1-4E41-97E3-DF71373E7BF7}"
EndProject
Project("{9A19103F-16F7-4668-BE54-9A1E7A4F7556}") = "Client", "Infrastructure\Elements\Client\Client.csproj", "{CA64D32D-0378-49C6-8F4D-3B496C52E108}"
EndProject
Project("{9A19103F-16F7-4668-BE54-9A1E7A4F7556}") = "Utils", "Utils\Utils.csproj", "{4A9211F0-8691-4ECA-B237-63E7B07AD6ED}"
EndProject
Project("{9A19103F-16F7-4668-BE54-9A1E7A4F7556}") = "Gateways", "Gateways\Gateways.csproj", "{BBD186F0-E886-432A-91CD-3CA792E3F304}"
EndProject
Project("{FAE04EC0-301F-11D3-BF4B-00C04F79EFBC}") = "MockDataSource", "Infrastructure\Elements\MockDataSource\MockDataSource.csproj", "{E8646560-666E-40A0-A61E-353ECE805A53}"
EndProject
Global
	GlobalSection(SolutionConfigurationPlatforms) = preSolution
		Debug|Any CPU = Debug|Any CPU
		Release|Any CPU = Release|Any CPU
	EndGlobalSection
	GlobalSection(ProjectConfigurationPlatforms) = postSolution
		{F5A400FC-4219-445C-B6FD-E686D61CDE9C}.Debug|Any CPU.ActiveCfg = Debug|Any CPU
		{F5A400FC-4219-445C-B6FD-E686D61CDE9C}.Debug|Any CPU.Build.0 = Debug|Any CPU
		{F5A400FC-4219-445C-B6FD-E686D61CDE9C}.Release|Any CPU.ActiveCfg = Release|Any CPU
		{F5A400FC-4219-445C-B6FD-E686D61CDE9C}.Release|Any CPU.Build.0 = Release|Any CPU
		{05A4E8F8-D4C1-4E41-97E3-DF71373E7BF7}.Debug|Any CPU.ActiveCfg = Debug|Any CPU
		{05A4E8F8-D4C1-4E41-97E3-DF71373E7BF7}.Debug|Any CPU.Build.0 = Debug|Any CPU
		{05A4E8F8-D4C1-4E41-97E3-DF71373E7BF7}.Release|Any CPU.ActiveCfg = Release|Any CPU
		{05A4E8F8-D4C1-4E41-97E3-DF71373E7BF7}.Release|Any CPU.Build.0 = Release|Any CPU
		{CA64D32D-0378-49C6-8F4D-3B496C52E108}.Debug|Any CPU.ActiveCfg = Debug|Any CPU
		{CA64D32D-0378-49C6-8F4D-3B496C52E108}.Debug|Any CPU.Build.0 = Debug|Any CPU
		{CA64D32D-0378-49C6-8F4D-3B496C52E108}.Debug|Any CPU.Deploy.0 = Debug|Any CPU
		{CA64D32D-0378-49C6-8F4D-3B496C52E108}.Release|Any CPU.ActiveCfg = Release|Any CPU
		{CA64D32D-0378-49C6-8F4D-3B496C52E108}.Release|Any CPU.Build.0 = Release|Any CPU
		{CA64D32D-0378-49C6-8F4D-3B496C52E108}.Release|Any CPU.Deploy.0 = Release|Any CPU
		{4A9211F0-8691-4ECA-B237-63E7B07AD6ED}.Debug|Any CPU.ActiveCfg = Debug|Any CPU
		{4A9211F0-8691-4ECA-B237-63E7B07AD6ED}.Debug|Any CPU.Build.0 = Debug|Any CPU
		{4A9211F0-8691-4ECA-B237-63E7B07AD6ED}.Release|Any CPU.ActiveCfg = Release|Any CPU
		{4A9211F0-8691-4ECA-B237-63E7B07AD6ED}.Release|Any CPU.Build.0 = Release|Any CPU
		{BBD186F0-E886-432A-91CD-3CA792E3F304}.Debug|Any CPU.ActiveCfg = Debug|Any CPU
		{BBD186F0-E886-432A-91CD-3CA792E3F304}.Debug|Any CPU.Build.0 = Debug|Any CPU
		{BBD186F0-E886-432A-91CD-3CA792E3F304}.Release|Any CPU.ActiveCfg = Release|Any CPU
		{BBD186F0-E886-432A-91CD-3CA792E3F304}.Release|Any CPU.Build.0 = Release|Any CPU
		{E8646560-666E-40A0-A61E-353ECE805A53}.Debug|Any CPU.ActiveCfg = Debug|Any CPU
		{E8646560-666E-40A0-A61E-353ECE805A53}.Debug|Any CPU.Build.0 = Debug|Any CPU
		{E8646560-666E-40A0-A61E-353ECE805A53}.Release|Any CPU.ActiveCfg = Release|Any CPU
		{E8646560-666E-40A0-A61E-353ECE805A53}.Release|Any CPU.Build.0 = Release|Any CPU
	EndGlobalSection
	GlobalSection(SolutionProperties) = preSolution
		HideSolutionNode = FALSE
	EndGlobalSection
	GlobalSection(ExtensibilityGlobals) = postSolution
		SolutionGuid = {2B178732-D049-43C9-8787-E115EF862CB4}
	EndGlobalSection
EndGlobal
