{
  "name": "Client",
  "lockfileVersion": 2,
  "requires": true,
  "packages": {
    "": {
      "dependencies": {
        "@yamato-daiwa/automation": "../../../../../InHouseDevelopment/YamatoDaiwaAutomation/MainPackage",
        "@yamato-daiwa/frontend": "../../../../../InHouseDevelopment/YamatoDaiwaFrontend/CoreLibrary/Package"
      },
      "devDependencies": {
        "rimraf": "3.0.2"
      }
    },
    "../../../../../InHouseDevelopment/YamatoDaiwaAutomation/MainPackage": {
      "version": "0.2.0-alpha.2",
      "license": "MIT",
      "dependencies": {
        "@typescript-eslint/eslint-plugin": "5.37.0",
        "@typescript-eslint/parser": "5.37.0",
        "@vue/compiler-sfc": "3.2.37",
        "@yamato-daiwa/es-extensions": "1.6.0-alpha.3",
        "@yamato-daiwa/es-extensions-nodejs": "1.5.3",
        "@yamato-daiwa/style_guides": "0.0.22",
        "access-sniff": "3.2.0",
        "autoprefixer": "10.4.7",
        "browser-sync": "2.27.10",
        "cheerio": "1.0.0-rc.1",
        "css-loader": "6.7.1",
        "cssnano": "5.1.12",
        "eslint": "8.23.1",
        "eslint-plugin-import": "2.26.0",
        "eslint-plugin-node": "11.1.0",
        "eslint-webpack-plugin": "3.2.0",
        "fork-ts-checker-webpack-plugin": "7.2.13",
        "glob": "7.2.0",
        "gulp": "4.0.2",
        "gulp-debug": "4.0.0",
        "gulp-html-prettify": "0.0.1",
        "gulp-if": "3.0.0",
        "gulp-imagemin": "7.1.0",
        "gulp-intercept": "0.1.0",
        "gulp-plumber": "1.2.1",
        "gulp-postcss": "9.0.1",
        "gulp-pug": "5.0.0",
        "gulp-sourcemaps": "3.0.0",
        "gulp-stylus": "2.7.1",
        "html-loader": "3.1.0",
        "html-validator": "6.0.1",
        "imagemin-pngquant": "9.0.2",
        "json5-loader": "4.0.1",
        "minimatch": "5.1.0",
        "node-notifier": "10.0.1",
        "pug-html-loader": "1.1.5",
        "pug-lint": "2.6.0",
        "pug-plain-loader": "1.1.0",
        "rev-hash": "4.0.0",
        "stlint": "1.0.65",
        "stream-combiner2": "1.1.1",
        "style-loader": "3.3.1",
        "stylus-loader": "6.2.0",
        "ts-loader": "9.3.1",
        "vinyl": "2.2.1",
        "vue": "3.2.37",
        "vue-loader": "17.0.0",
        "vue-style-loader": "4.1.3",
        "webpack": "5.73.0",
        "webpack-node-externals": "3.0.0",
        "worker-loader": "3.0.8",
        "yaml-loader": "0.8.0",
        "yamljs": "0.3.0"
      },
      "bin": {
        "yda": "Executable"
      },
      "devDependencies": {
        "@types/browser-sync": "2.26.3",
        "@types/cheerio": "0.22.31",
        "@types/cssnano": "5.0.0",
        "@types/glob": "7.2.0",
        "@types/gulp": "4.0.9",
        "@types/gulp-debug": "2.0.32",
        "@types/gulp-html-prettify": "0.0.2",
        "@types/gulp-if": "0.0.34",
        "@types/gulp-imagemin": "8.0.1",
        "@types/gulp-intercept": "0.1.1",
        "@types/gulp-plumber": "0.0.33",
        "@types/gulp-postcss": "8.0.2",
        "@types/gulp-sourcemaps": "0.0.35",
        "@types/gulp-stylus": "2.7.4",
        "@types/html-validator": "5.0.3",
        "@types/node": "16.11.25",
        "@types/node-notifier": "8.0.2",
        "@types/webpack-node-externals": "2.5.3",
        "@types/yamljs": "0.2.31",
        "ts-node": "10.8.1",
        "typescript": "4.8.2",
        "webpack-cli": "4.10.0"
      },
      "engines": {
        "node": ">=14.16"
      }
    },
    "../../../../../InHouseDevelopment/YamatoDaiwaFrontend/CoreLibrary/Package": {
      "name": "@yamato-daiwa/frontend",
      "version": "2.0.0-alpha.0",
      "license": "MIT",
      "dependencies": {
        "@yamato-daiwa/es-extensions": "1.6.0-alpha.3",
        "@yamato-daiwa/es-extensions-browserjs": "../../../YamatoDaiwaES_Extensions/BrowserJS/Package",
        "clipboard": "2.0.11",
        "prismjs": "1.28.0"
      },
      "devDependencies": {
        "@types/prismjs": "1.26.0",
        "@yamato-daiwa/automation": "0.0.10",
        "@yamato-daiwa/style_guides": "0.0.19",
        "stylus": "0.55.0",
        "ts-node": "10.9.1",
        "typescript": "4.7.4"
      }
    },
    "../../../../InHouseDevelopment/YamatoDaiwaFrontend/CoreLibrary/Package": {
      "extraneous": true
    },
    "../../InHouseDevelopment/YamatoDaiwaFrontend/CoreLibrary/Package": {
      "extraneous": true
    },
    "node_modules/@yamato-daiwa/automation": {
      "resolved": "../../../../../InHouseDevelopment/YamatoDaiwaAutomation/MainPackage",
      "link": true
    },
    "node_modules/@yamato-daiwa/frontend": {
      "resolved": "../../../../../InHouseDevelopment/YamatoDaiwaFrontend/CoreLibrary/Package",
      "link": true
    },
    "node_modules/balanced-match": {
      "version": "1.0.2",
      "resolved": "https://registry.npmjs.org/balanced-match/-/balanced-match-1.0.2.tgz",
      "integrity": "sha512-3oSeUO0TMV67hN1AmbXsK4yaqU7tjiHlbxRDZOpH0KW9+CeX4bRAaX0Anxt0tx2MrpRpWwQaPwIlISEJhYU5Pw==",
      "dev": true
    },
    "node_modules/concat-map": {
      "version": "0.0.1",
      "resolved": "https://registry.npmjs.org/concat-map/-/concat-map-0.0.1.tgz",
      "integrity": "sha512-/Srv4dswyQNBfohGpz9o6Yb3Gz3SrUDqBH5rTuhGR7ahtlbYKnVxw2bCFMRljaA7EXHaXZ8wsHdodFvbkhKmqg==",
      "dev": true
    },
    "node_modules/fs.realpath": {
      "version": "1.0.0",
      "resolved": "https://registry.npmjs.org/fs.realpath/-/fs.realpath-1.0.0.tgz",
      "integrity": "sha512-OO0pH2lK6a0hZnAdau5ItzHPI6pUlvI7jMVnxUQRtw4owF2wk8lOSabtGDCTP4Ggrg2MbGnWO9X8K1t4+fGMDw==",
      "dev": true
    },
    "node_modules/glob": {
      "version": "7.2.0",
      "resolved": "https://registry.npmjs.org/glob/-/glob-7.2.0.tgz",
      "integrity": "sha512-lmLf6gtyrPq8tTjSmrO94wBeQbFR3HbLHbuyD69wuyQkImp2hWqMGB47OX65FBkPffO641IP9jWa1z4ivqG26Q==",
      "dev": true,
      "dependencies": {
        "fs.realpath": "^1.0.0",
        "inflight": "^1.0.4",
        "inherits": "2",
        "minimatch": "^3.0.4",
        "once": "^1.3.0",
        "path-is-absolute": "^1.0.0"
      },
      "engines": {
        "node": "*"
      },
      "funding": {
        "url": "https://github.com/sponsors/isaacs"
      }
    },
    "node_modules/glob/node_modules/brace-expansion": {
      "version": "1.1.11",
      "resolved": "https://registry.npmjs.org/brace-expansion/-/brace-expansion-1.1.11.tgz",
      "integrity": "sha512-iCuPHDFgrHX7H2vEI/5xpz07zSHB00TpugqhmYtVmMO6518mCuRMoOYFldEBl0g187ufozdaHgWKcYFb61qGiA==",
      "dev": true,
      "dependencies": {
        "balanced-match": "^1.0.0",
        "concat-map": "0.0.1"
      }
    },
    "node_modules/glob/node_modules/minimatch": {
      "version": "3.1.2",
      "resolved": "https://registry.npmjs.org/minimatch/-/minimatch-3.1.2.tgz",
      "integrity": "sha512-J7p63hRiAjw1NDEww1W7i37+ByIrOWO5XQQAzZ3VOcL0PNybwpfmV/N05zFAzwQ9USyEcX6t3UO+K5aqBQOIHw==",
      "dev": true,
      "dependencies": {
        "brace-expansion": "^1.1.7"
      },
      "engines": {
        "node": "*"
      }
    },
    "node_modules/inflight": {
      "version": "1.0.6",
      "resolved": "https://registry.npmjs.org/inflight/-/inflight-1.0.6.tgz",
      "integrity": "sha512-k92I/b08q4wvFscXCLvqfsHCrjrF7yiXsQuIVvVE7N82W3+aqpzuUdBbfhWcy/FZR3/4IgflMgKLOsvPDrGCJA==",
      "dev": true,
      "dependencies": {
        "once": "^1.3.0",
        "wrappy": "1"
      }
    },
    "node_modules/inherits": {
      "version": "2.0.4",
      "resolved": "https://registry.npmjs.org/inherits/-/inherits-2.0.4.tgz",
      "integrity": "sha512-k/vGaX4/Yla3WzyMCvTQOXYeIHvqOKtnqBduzTHpzpQZzAskKMhZ2K+EnBiSM9zGSoIFeMpXKxa4dYeZIQqewQ==",
      "dev": true
    },
    "node_modules/once": {
      "version": "1.4.0",
      "resolved": "https://registry.npmjs.org/once/-/once-1.4.0.tgz",
      "integrity": "sha512-lNaJgI+2Q5URQBkccEKHTQOPaXdUxnZZElQTZY0MFUAuaEqe1E+Nyvgdz/aIyNi6Z9MzO5dv1H8n58/GELp3+w==",
      "dev": true,
      "dependencies": {
        "wrappy": "1"
      }
    },
    "node_modules/path-is-absolute": {
      "version": "1.0.1",
      "resolved": "https://registry.npmjs.org/path-is-absolute/-/path-is-absolute-1.0.1.tgz",
      "integrity": "sha512-AVbw3UJ2e9bq64vSaS9Am0fje1Pa8pbGqTTsmXfaIiMpnr5DlDhfJOuLj9Sf95ZPVDAUerDfEk88MPmPe7UCQg==",
      "dev": true,
      "engines": {
        "node": ">=0.10.0"
      }
    },
    "node_modules/rimraf": {
      "version": "3.0.2",
      "resolved": "https://registry.npmjs.org/rimraf/-/rimraf-3.0.2.tgz",
      "integrity": "sha512-JZkJMZkAGFFPP2YqXZXPbMlMBgsxzE8ILs4lMIX/2o0L9UBw9O/Y3o6wFw/i9YLapcUJWwqbi3kdxIPdC62TIA==",
      "dev": true,
      "dependencies": {
        "glob": "^7.1.3"
      },
      "bin": {
        "rimraf": "bin.js"
      },
      "funding": {
        "url": "https://github.com/sponsors/isaacs"
      }
    },
    "node_modules/wrappy": {
      "version": "1.0.2",
      "resolved": "https://registry.npmjs.org/wrappy/-/wrappy-1.0.2.tgz",
      "integrity": "sha512-l4Sp/DRseor9wL6EvV2+TuQn63dMkPjZ/sp9XkghTEbV9KlPS1xUsZ3u7/IQO4wxtcFB4bgpQPRcR3QCvezPcQ==",
      "dev": true
    }
  },
  "dependencies": {
    "@yamato-daiwa/automation": {
      "version": "file:../../../../../InHouseDevelopment/YamatoDaiwaAutomation/MainPackage",
      "requires": {
        "@types/browser-sync": "2.26.3",
        "@types/cheerio": "0.22.31",
        "@types/cssnano": "5.0.0",
        "@types/glob": "7.2.0",
        "@types/gulp": "4.0.9",
        "@types/gulp-debug": "2.0.32",
        "@types/gulp-html-prettify": "0.0.2",
        "@types/gulp-if": "0.0.34",
        "@types/gulp-imagemin": "8.0.1",
        "@types/gulp-intercept": "0.1.1",
        "@types/gulp-plumber": "0.0.33",
        "@types/gulp-postcss": "8.0.2",
        "@types/gulp-sourcemaps": "0.0.35",
        "@types/gulp-stylus": "2.7.4",
        "@types/html-validator": "5.0.3",
        "@types/node": "16.11.25",
        "@types/node-notifier": "8.0.2",
        "@types/webpack-node-externals": "2.5.3",
        "@types/yamljs": "0.2.31",
        "@typescript-eslint/eslint-plugin": "5.37.0",
        "@typescript-eslint/parser": "5.37.0",
        "@vue/compiler-sfc": "3.2.37",
        "@yamato-daiwa/es-extensions": "1.6.0-alpha.3",
        "@yamato-daiwa/es-extensions-nodejs": "1.5.3",
        "@yamato-daiwa/style_guides": "0.0.22",
        "access-sniff": "3.2.0",
        "autoprefixer": "10.4.7",
        "browser-sync": "2.27.10",
        "cheerio": "1.0.0-rc.1",
        "css-loader": "6.7.1",
        "cssnano": "5.1.12",
        "eslint": "8.23.1",
        "eslint-plugin-import": "2.26.0",
        "eslint-plugin-node": "11.1.0",
        "eslint-webpack-plugin": "3.2.0",
        "fork-ts-checker-webpack-plugin": "7.2.13",
        "glob": "7.2.0",
        "gulp": "4.0.2",
        "gulp-debug": "4.0.0",
        "gulp-html-prettify": "0.0.1",
        "gulp-if": "3.0.0",
        "gulp-imagemin": "7.1.0",
        "gulp-intercept": "0.1.0",
        "gulp-plumber": "1.2.1",
        "gulp-postcss": "9.0.1",
        "gulp-pug": "5.0.0",
        "gulp-sourcemaps": "3.0.0",
        "gulp-stylus": "2.7.1",
        "html-loader": "3.1.0",
        "html-validator": "6.0.1",
        "imagemin-pngquant": "9.0.2",
        "json5-loader": "4.0.1",
        "minimatch": "5.1.0",
        "node-notifier": "10.0.1",
        "pug-html-loader": "1.1.5",
        "pug-lint": "2.6.0",
        "pug-plain-loader": "1.1.0",
        "rev-hash": "4.0.0",
        "stlint": "1.0.65",
        "stream-combiner2": "1.1.1",
        "style-loader": "3.3.1",
        "stylus-loader": "6.2.0",
        "ts-loader": "9.3.1",
        "ts-node": "10.8.1",
        "typescript": "4.8.2",
        "vinyl": "2.2.1",
        "vue": "3.2.37",
        "vue-loader": "17.0.0",
        "vue-style-loader": "4.1.3",
        "webpack": "5.73.0",
        "webpack-cli": "4.10.0",
        "webpack-node-externals": "3.0.0",
        "worker-loader": "3.0.8",
        "yaml-loader": "0.8.0",
        "yamljs": "0.3.0"
      }
    },
    "@yamato-daiwa/frontend": {
      "version": "file:../../../../../InHouseDevelopment/YamatoDaiwaFrontend/CoreLibrary/Package",
      "requires": {
        "@types/prismjs": "1.26.0",
        "@yamato-daiwa/automation": "0.0.10",
        "@yamato-daiwa/es-extensions": "1.6.0-alpha.3",
        "@yamato-daiwa/es-extensions-browserjs": "../../../YamatoDaiwaES_Extensions/BrowserJS/Package",
        "@yamato-daiwa/style_guides": "0.0.19",
        "clipboard": "2.0.11",
        "prismjs": "1.28.0",
        "stylus": "0.55.0",
        "ts-node": "10.9.1",
        "typescript": "4.7.4"
      }
    },
    "balanced-match": {
      "version": "1.0.2",
      "resolved": "https://registry.npmjs.org/balanced-match/-/balanced-match-1.0.2.tgz",
      "integrity": "sha512-3oSeUO0TMV67hN1AmbXsK4yaqU7tjiHlbxRDZOpH0KW9+CeX4bRAaX0Anxt0tx2MrpRpWwQaPwIlISEJhYU5Pw==",
      "dev": true
    },
    "concat-map": {
      "version": "0.0.1",
      "resolved": "https://registry.npmjs.org/concat-map/-/concat-map-0.0.1.tgz",
      "integrity": "sha512-/Srv4dswyQNBfohGpz9o6Yb3Gz3SrUDqBH5rTuhGR7ahtlbYKnVxw2bCFMRljaA7EXHaXZ8wsHdodFvbkhKmqg==",
      "dev": true
    },
    "fs.realpath": {
      "version": "1.0.0",
      "resolved": "https://registry.npmjs.org/fs.realpath/-/fs.realpath-1.0.0.tgz",
      "integrity": "sha512-OO0pH2lK6a0hZnAdau5ItzHPI6pUlvI7jMVnxUQRtw4owF2wk8lOSabtGDCTP4Ggrg2MbGnWO9X8K1t4+fGMDw==",
      "dev": true
    },
    "glob": {
      "version": "7.2.0",
      "resolved": "https://registry.npmjs.org/glob/-/glob-7.2.0.tgz",
      "integrity": "sha512-lmLf6gtyrPq8tTjSmrO94wBeQbFR3HbLHbuyD69wuyQkImp2hWqMGB47OX65FBkPffO641IP9jWa1z4ivqG26Q==",
      "dev": true,
      "requires": {
        "fs.realpath": "^1.0.0",
        "inflight": "^1.0.4",
        "inherits": "2",
        "minimatch": "^3.0.4",
        "once": "^1.3.0",
        "path-is-absolute": "^1.0.0"
      },
      "dependencies": {
        "brace-expansion": {
          "version": "1.1.11",
          "resolved": "https://registry.npmjs.org/brace-expansion/-/brace-expansion-1.1.11.tgz",
          "integrity": "sha512-iCuPHDFgrHX7H2vEI/5xpz07zSHB00TpugqhmYtVmMO6518mCuRMoOYFldEBl0g187ufozdaHgWKcYFb61qGiA==",
          "dev": true,
          "requires": {
            "balanced-match": "^1.0.0",
            "concat-map": "0.0.1"
          }
        },
        "minimatch": {
          "version": "3.1.2",
          "resolved": "https://registry.npmjs.org/minimatch/-/minimatch-3.1.2.tgz",
          "integrity": "sha512-J7p63hRiAjw1NDEww1W7i37+ByIrOWO5XQQAzZ3VOcL0PNybwpfmV/N05zFAzwQ9USyEcX6t3UO+K5aqBQOIHw==",
          "dev": true,
          "requires": {
            "brace-expansion": "^1.1.7"
          }
        }
      }
    },
    "inflight": {
      "version": "1.0.6",
      "resolved": "https://registry.npmjs.org/inflight/-/inflight-1.0.6.tgz",
      "integrity": "sha512-k92I/b08q4wvFscXCLvqfsHCrjrF7yiXsQuIVvVE7N82W3+aqpzuUdBbfhWcy/FZR3/4IgflMgKLOsvPDrGCJA==",
      "dev": true,
      "requires": {
        "once": "^1.3.0",
        "wrappy": "1"
      }
    },
    "inherits": {
      "version": "2.0.4",
      "resolved": "https://registry.npmjs.org/inherits/-/inherits-2.0.4.tgz",
      "integrity": "sha512-k/vGaX4/Yla3WzyMCvTQOXYeIHvqOKtnqBduzTHpzpQZzAskKMhZ2K+EnBiSM9zGSoIFeMpXKxa4dYeZIQqewQ==",
      "dev": true
    },
    "once": {
      "version": "1.4.0",
      "resolved": "https://registry.npmjs.org/once/-/once-1.4.0.tgz",
      "integrity": "sha512-lNaJgI+2Q5URQBkccEKHTQOPaXdUxnZZElQTZY0MFUAuaEqe1E+Nyvgdz/aIyNi6Z9MzO5dv1H8n58/GELp3+w==",
      "dev": true,
      "requires": {
        "wrappy": "1"
      }
    },
    "path-is-absolute": {
      "version": "1.0.1",
      "resolved": "https://registry.npmjs.org/path-is-absolute/-/path-is-absolute-1.0.1.tgz",
      "integrity": "sha512-AVbw3UJ2e9bq64vSaS9Am0fje1Pa8pbGqTTsmXfaIiMpnr5DlDhfJOuLj9Sf95ZPVDAUerDfEk88MPmPe7UCQg==",
      "dev": true
    },
    "rimraf": {
      "version": "3.0.2",
      "resolved": "https://registry.npmjs.org/rimraf/-/rimraf-3.0.2.tgz",
      "integrity": "sha512-JZkJMZkAGFFPP2YqXZXPbMlMBgsxzE8ILs4lMIX/2o0L9UBw9O/Y3o6wFw/i9YLapcUJWwqbi3kdxIPdC62TIA==",
      "dev": true,
      "requires": {
        "glob": "^7.1.3"
      }
    },
    "wrappy": {
      "version": "1.0.2",
      "resolved": "https://registry.npmjs.org/wrappy/-/wrappy-1.0.2.tgz",
      "integrity": "sha512-l4Sp/DRseor9wL6EvV2+TuQn63dMkPjZ/sp9XkghTEbV9KlPS1xUsZ3u7/IQO4wxtcFB4bgpQPRcR3QCvezPcQ==",
      "dev": true
    }
  }
}
